
Microsoft Visual Studio Solution File, Format Version 12.00
# Visual Studio Version 17
VisualStudioVersion = 17.7.34031.279
MinimumVisualStudioVersion = 10.0.40219.1
Project("{FAE04EC0-301F-11D3-BF4B-00C04F79EFBC}") = "KalkulačkaDPH", "KalkulačkaDPH.csproj", "{B54A4169-6903-4422-914A-49CEA8B1A96F}"
EndProject
Global
	GlobalSection(SolutionConfigurationPlatforms) = preSolution
		Debug|Any CPU = Debug|Any CPU
		Release|Any CPU = Release|Any CPU
	EndGlobalSection
	GlobalSection(ProjectConfigurationPlatforms) = postSolution
		{B54A4169-6903-4422-914A-49CEA8B1A96F}.Debug|Any CPU.ActiveCfg = Debug|Any CPU
		{B54A4169-6903-4422-914A-49CEA8B1A96F}.Debug|Any CPU.Build.0 = Debug|Any CPU
		{B54A4169-6903-4422-914A-49CEA8B1A96F}.Release|Any CPU.ActiveCfg = Release|Any CPU
		{B54A4169-6903-4422-914A-49CEA8B1A96F}.Release|Any CPU.Build.0 = Release|Any CPU
	EndGlobalSection
	GlobalSection(SolutionProperties) = preSolution
		HideSolutionNode = FALSE
	EndGlobalSection
	GlobalSection(ExtensibilityGlobals) = postSolution
		SolutionGuid = {BF3FDF4A-16B9-4B2F-96F1-3842F5A70136}
	EndGlobalSection
EndGlobal
